// !$*UTF8*$!
{
	archiveVersion = 1;
	classes = {
	};
	objectVersion = 55;
	objects = {

/* Begin PBXBuildFile section */
		70CDFDEF2823D14D00DECEA9 /* HomepageViewController.swift in Sources */ = {isa = PBXBuildFile; fileRef = 70CDFDEE2823D14D00DECEA9 /* HomepageViewController.swift */; };
		70CDFDF12823D2FD00DECEA9 /* MapScreenViewController.swift in Sources */ = {isa = PBXBuildFile; fileRef = 70CDFDF02823D2FD00DECEA9 /* MapScreenViewController.swift */; };
		70CDFDF32823D33500DECEA9 /* SavedAddressesViewController.swift in Sources */ = {isa = PBXBuildFile; fileRef = 70CDFDF22823D33500DECEA9 /* SavedAddressesViewController.swift */; };
		70CDFDF52823D59200DECEA9 /* ParkingDetailsViewController.swift in Sources */ = {isa = PBXBuildFile; fileRef = 70CDFDF42823D59200DECEA9 /* ParkingDetailsViewController.swift */; };
		754D89182823ACAD0099100D /* AddressModel.swift in Sources */ = {isa = PBXBuildFile; fileRef = 754D89172823ACAD0099100D /* AddressModel.swift */; };
		754D891A2823AE960099100D /* FacilityInformationModel.swift in Sources */ = {isa = PBXBuildFile; fileRef = 754D89192823AE960099100D /* FacilityInformationModel.swift */; };
		754D891C2823AEAD0099100D /* CarParkOccupancyModel.swift in Sources */ = {isa = PBXBuildFile; fileRef = 754D891B2823AEAD0099100D /* CarParkOccupancyModel.swift */; };
		754D891E2823B6F20099100D /* OccupancyModel.swift in Sources */ = {isa = PBXBuildFile; fileRef = 754D891D2823B6F20099100D /* OccupancyModel.swift */; };
		754D89212823B7160099100D /* ParkingSavedModel.swift in Sources */ = {isa = PBXBuildFile; fileRef = 754D89202823B7160099100D /* ParkingSavedModel.swift */; };
		754D89232823B94C0099100D /* ZoneModel.swift in Sources */ = {isa = PBXBuildFile; fileRef = 754D89222823B94C0099100D /* ZoneModel.swift */; };
		F18905AE281FF72500BA3E87 /* AppDelegate.swift in Sources */ = {isa = PBXBuildFile; fileRef = F18905AD281FF72500BA3E87 /* AppDelegate.swift */; };
		F18905B0281FF72500BA3E87 /* SceneDelegate.swift in Sources */ = {isa = PBXBuildFile; fileRef = F18905AF281FF72500BA3E87 /* SceneDelegate.swift */; };
		F18905B2281FF72500BA3E87 /* ViewController.swift in Sources */ = {isa = PBXBuildFile; fileRef = F18905B1281FF72500BA3E87 /* ViewController.swift */; };
		F18905B5281FF72500BA3E87 /* Main.storyboard in Resources */ = {isa = PBXBuildFile; fileRef = F18905B3281FF72500BA3E87 /* Main.storyboard */; };
		F18905B7281FF72B00BA3E87 /* Assets.xcassets in Resources */ = {isa = PBXBuildFile; fileRef = F18905B6281FF72B00BA3E87 /* Assets.xcassets */; };
		F18905BA281FF72B00BA3E87 /* LaunchScreen.storyboard in Resources */ = {isa = PBXBuildFile; fileRef = F18905B8281FF72B00BA3E87 /* LaunchScreen.storyboard */; };
/* End PBXBuildFile section */

/* Begin PBXFileReference section */
		70CDFDEE2823D14D00DECEA9 /* HomepageViewController.swift */ = {isa = PBXFileReference; lastKnownFileType = sourcecode.swift; path = HomepageViewController.swift; sourceTree = "<group>"; };
		70CDFDF02823D2FD00DECEA9 /* MapScreenViewController.swift */ = {isa = PBXFileReference; lastKnownFileType = sourcecode.swift; path = MapScreenViewController.swift; sourceTree = "<group>"; };
		70CDFDF22823D33500DECEA9 /* SavedAddressesViewController.swift */ = {isa = PBXFileReference; lastKnownFileType = sourcecode.swift; path = SavedAddressesViewController.swift; sourceTree = "<group>"; };
		70CDFDF42823D59200DECEA9 /* ParkingDetailsViewController.swift */ = {isa = PBXFileReference; lastKnownFileType = sourcecode.swift; path = ParkingDetailsViewController.swift; sourceTree = "<group>"; };
		754D89172823ACAD0099100D /* AddressModel.swift */ = {isa = PBXFileReference; lastKnownFileType = sourcecode.swift; path = AddressModel.swift; sourceTree = "<group>"; };
		754D89192823AE960099100D /* FacilityInformationModel.swift */ = {isa = PBXFileReference; lastKnownFileType = sourcecode.swift; path = FacilityInformationModel.swift; sourceTree = "<group>"; };
		754D891B2823AEAD0099100D /* CarParkOccupancyModel.swift */ = {isa = PBXFileReference; lastKnownFileType = sourcecode.swift; path = CarParkOccupancyModel.swift; sourceTree = "<group>"; };
		754D891D2823B6F20099100D /* OccupancyModel.swift */ = {isa = PBXFileReference; lastKnownFileType = sourcecode.swift; path = OccupancyModel.swift; sourceTree = "<group>"; };
		754D89202823B7160099100D /* ParkingSavedModel.swift */ = {isa = PBXFileReference; lastKnownFileType = sourcecode.swift; path = ParkingSavedModel.swift; sourceTree = "<group>"; };
		754D89222823B94C0099100D /* ZoneModel.swift */ = {isa = PBXFileReference; lastKnownFileType = sourcecode.swift; path = ZoneModel.swift; sourceTree = "<group>"; };
		F18905AA281FF72500BA3E87 /* ParkingFinder.app */ = {isa = PBXFileReference; explicitFileType = wrapper.application; includeInIndex = 0; path = ParkingFinder.app; sourceTree = BUILT_PRODUCTS_DIR; };
		F18905AD281FF72500BA3E87 /* AppDelegate.swift */ = {isa = PBXFileReference; lastKnownFileType = sourcecode.swift; path = AppDelegate.swift; sourceTree = "<group>"; };
		F18905AF281FF72500BA3E87 /* SceneDelegate.swift */ = {isa = PBXFileReference; lastKnownFileType = sourcecode.swift; path = SceneDelegate.swift; sourceTree = "<group>"; };
		F18905B1281FF72500BA3E87 /* ViewController.swift */ = {isa = PBXFileReference; lastKnownFileType = sourcecode.swift; path = ViewController.swift; sourceTree = "<group>"; };
		F18905B4281FF72500BA3E87 /* Base */ = {isa = PBXFileReference; lastKnownFileType = file.storyboard; name = Base; path = Base.lproj/Main.storyboard; sourceTree = "<group>"; };
		F18905B6281FF72B00BA3E87 /* Assets.xcassets */ = {isa = PBXFileReference; lastKnownFileType = folder.assetcatalog; path = Assets.xcassets; sourceTree = "<group>"; };
		F18905B9281FF72B00BA3E87 /* Base */ = {isa = PBXFileReference; lastKnownFileType = file.storyboard; name = Base; path = Base.lproj/LaunchScreen.storyboard; sourceTree = "<group>"; };
		F18905BB281FF72B00BA3E87 /* Info.plist */ = {isa = PBXFileReference; lastKnownFileType = text.plist.xml; path = Info.plist; sourceTree = "<group>"; };
/* End PBXFileReference section */

/* Begin PBXFrameworksBuildPhase section */
		F18905A7281FF72500BA3E87 /* Frameworks */ = {
			isa = PBXFrameworksBuildPhase;
			buildActionMask = 2147483647;
			files = (
			);
			runOnlyForDeploymentPostprocessing = 0;
		};
/* End PBXFrameworksBuildPhase section */

/* Begin PBXGroup section */
		70CDFDED2823CC4700DECEA9 /* Controller */ = {
			isa = PBXGroup;
			children = (
				70CDFDEE2823D14D00DECEA9 /* HomepageViewController.swift */,
				70CDFDF02823D2FD00DECEA9 /* MapScreenViewController.swift */,
				70CDFDF22823D33500DECEA9 /* SavedAddressesViewController.swift */,
				70CDFDF42823D59200DECEA9 /* ParkingDetailsViewController.swift */,
			);
			path = Controller;
			sourceTree = "<group>";
		};
		754D89162823AC7E0099100D /* Model */ = {
			isa = PBXGroup;
			children = (
				754D89172823ACAD0099100D /* AddressModel.swift */,
				754D89192823AE960099100D /* FacilityInformationModel.swift */,
				754D891B2823AEAD0099100D /* CarParkOccupancyModel.swift */,
				754D891D2823B6F20099100D /* OccupancyModel.swift */,
				754D89202823B7160099100D /* ParkingSavedModel.swift */,
				754D89222823B94C0099100D /* ZoneModel.swift */,
			);
			path = Model;
			sourceTree = "<group>";
		};
		F18905A1281FF72500BA3E87 = {
			isa = PBXGroup;
			children = (
				F18905AC281FF72500BA3E87 /* ParkingFinder */,
				F18905AB281FF72500BA3E87 /* Products */,
			);
			sourceTree = "<group>";
		};
		F18905AB281FF72500BA3E87 /* Products */ = {
			isa = PBXGroup;
			children = (
				F18905AA281FF72500BA3E87 /* ParkingFinder.app */,
			);
			name = Products;
			sourceTree = "<group>";
		};
		F18905AC281FF72500BA3E87 /* ParkingFinder */ = {
			isa = PBXGroup;
			children = (
				70CDFDED2823CC4700DECEA9 /* Controller */,
				754D89162823AC7E0099100D /* Model */,
				F18905AD281FF72500BA3E87 /* AppDelegate.swift */,
				F18905AF281FF72500BA3E87 /* SceneDelegate.swift */,
				F18905B1281FF72500BA3E87 /* ViewController.swift */,
				F18905B3281FF72500BA3E87 /* Main.storyboard */,
				F18905B6281FF72B00BA3E87 /* Assets.xcassets */,
				F18905B8281FF72B00BA3E87 /* LaunchScreen.storyboard */,
				F18905BB281FF72B00BA3E87 /* Info.plist */,
			);
			path = ParkingFinder;
			sourceTree = "<group>";
		};
/* End PBXGroup section */

/* Begin PBXNativeTarget section */
		F18905A9281FF72500BA3E87 /* ParkingFinder */ = {
			isa = PBXNativeTarget;
			buildConfigurationList = F18905BE281FF72B00BA3E87 /* Build configuration list for PBXNativeTarget "ParkingFinder" */;
			buildPhases = (
				F18905A6281FF72500BA3E87 /* Sources */,
				F18905A7281FF72500BA3E87 /* Frameworks */,
				F18905A8281FF72500BA3E87 /* Resources */,
			);
			buildRules = (
			);
			dependencies = (
			);
			name = ParkingFinder;
			productName = ParkingFinder;
			productReference = F18905AA281FF72500BA3E87 /* ParkingFinder.app */;
			productType = "com.apple.product-type.application";
		};
/* End PBXNativeTarget section */

/* Begin PBXProject section */
		F18905A2281FF72500BA3E87 /* Project object */ = {
			isa = PBXProject;
			attributes = {
				BuildIndependentTargetsInParallel = 1;
				LastSwiftUpdateCheck = 1330;
				LastUpgradeCheck = 1330;
				TargetAttributes = {
					F18905A9281FF72500BA3E87 = {
						CreatedOnToolsVersion = 13.3.1;
					};
				};
			};
			buildConfigurationList = F18905A5281FF72500BA3E87 /* Build configuration list for PBXProject "ParkingFinder" */;
			compatibilityVersion = "Xcode 13.0";
			developmentRegion = en;
			hasScannedForEncodings = 0;
			knownRegions = (
				en,
				Base,
			);
			mainGroup = F18905A1281FF72500BA3E87;
			productRefGroup = F18905AB281FF72500BA3E87 /* Products */;
			projectDirPath = "";
			projectRoot = "";
			targets = (
				F18905A9281FF72500BA3E87 /* ParkingFinder */,
			);
		};
/* End PBXProject section */

/* Begin PBXResourcesBuildPhase section */
		F18905A8281FF72500BA3E87 /* Resources */ = {
			isa = PBXResourcesBuildPhase;
			buildActionMask = 2147483647;
			files = (
				F18905BA281FF72B00BA3E87 /* LaunchScreen.storyboard in Resources */,
				F18905B7281FF72B00BA3E87 /* Assets.xcassets in Resources */,
				F18905B5281FF72500BA3E87 /* Main.storyboard in Resources */,
			);
			runOnlyForDeploymentPostprocessing = 0;
		};
/* End PBXResourcesBuildPhase section */

/* Begin PBXSourcesBuildPhase section */
		F18905A6281FF72500BA3E87 /* Sources */ = {
			isa = PBXSourcesBuildPhase;
			buildActionMask = 2147483647;
			files = (
				754D891A2823AE960099100D /* FacilityInformationModel.swift in Sources */,
				754D891E2823B6F20099100D /* OccupancyModel.swift in Sources */,
				754D89212823B7160099100D /* ParkingSavedModel.swift in Sources */,
				70CDFDF12823D2FD00DECEA9 /* MapScreenViewController.swift in Sources */,
				754D89232823B94C0099100D /* ZoneModel.swift in Sources */,
				70CDFDF32823D33500DECEA9 /* SavedAddressesViewController.swift in Sources */,
				70CDFDF52823D59200DECEA9 /* ParkingDetailsViewController.swift in Sources */,
				70CDFDEF2823D14D00DECEA9 /* HomepageViewController.swift in Sources */,
				754D89182823ACAD0099100D /* AddressModel.swift in Sources */,
				754D891C2823AEAD0099100D /* CarParkOccupancyModel.swift in Sources */,
				F18905B2281FF72500BA3E87 /* ViewController.swift in Sources */,
				F18905AE281FF72500BA3E87 /* AppDelegate.swift in Sources */,
				F18905B0281FF72500BA3E87 /* SceneDelegate.swift in Sources */,
			);
			runOnlyForDeploymentPostprocessing = 0;
		};
/* End PBXSourcesBuildPhase section */

/* Begin PBXVariantGroup section */
		F18905B3281FF72500BA3E87 /* Main.storyboard */ = {
			isa = PBXVariantGroup;
			children = (
				F18905B4281FF72500BA3E87 /* Base */,
			);
			name = Main.storyboard;
			sourceTree = "<group>";
		};
		F18905B8281FF72B00BA3E87 /* LaunchScreen.storyboard */ = {
			isa = PBXVariantGroup;
			children = (
				F18905B9281FF72B00BA3E87 /* Base */,
			);
			name = LaunchScreen.storyboard;
			sourceTree = "<group>";
		};
/* End PBXVariantGroup section */

/* Begin XCBuildConfiguration section */
		F18905BC281FF72B00BA3E87 /* Debug */ = {
			isa = XCBuildConfiguration;
			buildSettings = {
				ALWAYS_SEARCH_USER_PATHS = NO;
				CLANG_ANALYZER_NONNULL = YES;
				CLANG_ANALYZER_NUMBER_OBJECT_CONVERSION = YES_AGGRESSIVE;
				CLANG_CXX_LANGUAGE_STANDARD = "gnu++17";
				CLANG_ENABLE_MODULES = YES;
				CLANG_ENABLE_OBJC_ARC = YES;
				CLANG_ENABLE_OBJC_WEAK = YES;
				CLANG_WARN_BLOCK_CAPTURE_AUTORELEASING = YES;
				CLANG_WARN_BOOL_CONVERSION = YES;
				CLANG_WARN_COMMA = YES;
				CLANG_WARN_CONSTANT_CONVERSION = YES;
				CLANG_WARN_DEPRECATED_OBJC_IMPLEMENTATIONS = YES;
				CLANG_WARN_DIRECT_OBJC_ISA_USAGE = YES_ERROR;
				CLANG_WARN_DOCUMENTATION_COMMENTS = YES;
				CLANG_WARN_EMPTY_BODY = YES;
				CLANG_WARN_ENUM_CONVERSION = YES;
				CLANG_WARN_INFINITE_RECURSION = YES;
				CLANG_WARN_INT_CONVERSION = YES;
				CLANG_WARN_NON_LITERAL_NULL_CONVERSION = YES;
				CLANG_WARN_OBJC_IMPLICIT_RETAIN_SELF = YES;
				CLANG_WARN_OBJC_LITERAL_CONVERSION = YES;
				CLANG_WARN_OBJC_ROOT_CLASS = YES_ERROR;
				CLANG_WARN_QUOTED_INCLUDE_IN_FRAMEWORK_HEADER = YES;
				CLANG_WARN_RANGE_LOOP_ANALYSIS = YES;
				CLANG_WARN_STRICT_PROTOTYPES = YES;
				CLANG_WARN_SUSPICIOUS_MOVE = YES;
				CLANG_WARN_UNGUARDED_AVAILABILITY = YES_AGGRESSIVE;
				CLANG_WARN_UNREACHABLE_CODE = YES;
				CLANG_WARN__DUPLICATE_METHOD_MATCH = YES;
				COPY_PHASE_STRIP = NO;
				DEBUG_INFORMATION_FORMAT = dwarf;
				ENABLE_STRICT_OBJC_MSGSEND = YES;
				ENABLE_TESTABILITY = YES;
				GCC_C_LANGUAGE_STANDARD = gnu11;
				GCC_DYNAMIC_NO_PIC = NO;
				GCC_NO_COMMON_BLOCKS = YES;
				GCC_OPTIMIZATION_LEVEL = 0;
				GCC_PREPROCESSOR_DEFINITIONS = (
					"DEBUG=1",
					"$(inherited)",
				);
				GCC_WARN_64_TO_32_BIT_CONVERSION = YES;
				GCC_WARN_ABOUT_RETURN_TYPE = YES_ERROR;
				GCC_WARN_UNDECLARED_SELECTOR = YES;
				GCC_WARN_UNINITIALIZED_AUTOS = YES_AGGRESSIVE;
				GCC_WARN_UNUSED_FUNCTION = YES;
				GCC_WARN_UNUSED_VARIABLE = YES;
				IPHONEOS_DEPLOYMENT_TARGET = 15.4;
				MTL_ENABLE_DEBUG_INFO = INCLUDE_SOURCE;
				MTL_FAST_MATH = YES;
				ONLY_ACTIVE_ARCH = YES;
				SDKROOT = iphoneos;
				SWIFT_ACTIVE_COMPILATION_CONDITIONS = DEBUG;
				SWIFT_OPTIMIZATION_LEVEL = "-Onone";
			};
			name = Debug;
		};
		F18905BD281FF72B00BA3E87 /* Release */ = {
			isa = XCBuildConfiguration;
			buildSettings = {
				ALWAYS_SEARCH_USER_PATHS = NO;
				CLANG_ANALYZER_NONNULL = YES;
				CLANG_ANALYZER_NUMBER_OBJECT_CONVERSION = YES_AGGRESSIVE;
				CLANG_CXX_LANGUAGE_STANDARD = "gnu++17";
				CLANG_ENABLE_MODULES = YES;
				CLANG_ENABLE_OBJC_ARC = YES;
				CLANG_ENABLE_OBJC_WEAK = YES;
				CLANG_WARN_BLOCK_CAPTURE_AUTORELEASING = YES;
				CLANG_WARN_BOOL_CONVERSION = YES;
				CLANG_WARN_COMMA = YES;
				CLANG_WARN_CONSTANT_CONVERSION = YES;
				CLANG_WARN_DEPRECATED_OBJC_IMPLEMENTATIONS = YES;
				CLANG_WARN_DIRECT_OBJC_ISA_USAGE = YES_ERROR;
				CLANG_WARN_DOCUMENTATION_COMMENTS = YES;
				CLANG_WARN_EMPTY_BODY = YES;
				CLANG_WARN_ENUM_CONVERSION = YES;
				CLANG_WARN_INFINITE_RECURSION = YES;
				CLANG_WARN_INT_CONVERSION = YES;
				CLANG_WARN_NON_LITERAL_NULL_CONVERSION = YES;
				CLANG_WARN_OBJC_IMPLICIT_RETAIN_SELF = YES;
				CLANG_WARN_OBJC_LITERAL_CONVERSION = YES;
				CLANG_WARN_OBJC_ROOT_CLASS = YES_ERROR;
				CLANG_WARN_QUOTED_INCLUDE_IN_FRAMEWORK_HEADER = YES;
				CLANG_WARN_RANGE_LOOP_ANALYSIS = YES;
				CLANG_WARN_STRICT_PROTOTYPES = YES;
				CLANG_WARN_SUSPICIOUS_MOVE = YES;
				CLANG_WARN_UNGUARDED_AVAILABILITY = YES_AGGRESSIVE;
				CLANG_WARN_UNREACHABLE_CODE = YES;
				CLANG_WARN__DUPLICATE_METHOD_MATCH = YES;
				COPY_PHASE_STRIP = NO;
				DEBUG_INFORMATION_FORMAT = "dwarf-with-dsym";
				ENABLE_NS_ASSERTIONS = NO;
				ENABLE_STRICT_OBJC_MSGSEND = YES;
				GCC_C_LANGUAGE_STANDARD = gnu11;
				GCC_NO_COMMON_BLOCKS = YES;
				GCC_WARN_64_TO_32_BIT_CONVERSION = YES;
				GCC_WARN_ABOUT_RETURN_TYPE = YES_ERROR;
				GCC_WARN_UNDECLARED_SELECTOR = YES;
				GCC_WARN_UNINITIALIZED_AUTOS = YES_AGGRESSIVE;
				GCC_WARN_UNUSED_FUNCTION = YES;
				GCC_WARN_UNUSED_VARIABLE = YES;
				IPHONEOS_DEPLOYMENT_TARGET = 15.4;
				MTL_ENABLE_DEBUG_INFO = NO;
				MTL_FAST_MATH = YES;
				SDKROOT = iphoneos;
				SWIFT_COMPILATION_MODE = wholemodule;
				SWIFT_OPTIMIZATION_LEVEL = "-O";
				VALIDATE_PRODUCT = YES;
			};
			name = Release;
		};
		F18905BF281FF72B00BA3E87 /* Debug */ = {
			isa = XCBuildConfiguration;
			buildSettings = {
				ASSETCATALOG_COMPILER_APPICON_NAME = AppIcon;
				ASSETCATALOG_COMPILER_GLOBAL_ACCENT_COLOR_NAME = AccentColor;
				CODE_SIGN_STYLE = Automatic;
				CURRENT_PROJECT_VERSION = 1;
				GENERATE_INFOPLIST_FILE = YES;
				INFOPLIST_FILE = ParkingFinder/Info.plist;
				INFOPLIST_KEY_UIApplicationSupportsIndirectInputEvents = YES;
				INFOPLIST_KEY_UILaunchStoryboardName = LaunchScreen;
				INFOPLIST_KEY_UIMainStoryboardFile = Main;
				INFOPLIST_KEY_UISupportedInterfaceOrientations_iPad = "UIInterfaceOrientationPortrait UIInterfaceOrientationPortraitUpsideDown UIInterfaceOrientationLandscapeLeft UIInterfaceOrientationLandscapeRight";
				INFOPLIST_KEY_UISupportedInterfaceOrientations_iPhone = "UIInterfaceOrientationPortrait UIInterfaceOrientationLandscapeLeft UIInterfaceOrientationLandscapeRight";
				LD_RUNPATH_SEARCH_PATHS = (
					"$(inherited)",
					"@executable_path/Frameworks",
				);
				MARKETING_VERSION = 1.0;
				PRODUCT_BUNDLE_IDENTIFIER = au.edu.uts.ParkingFinder;
				PRODUCT_NAME = "$(TARGET_NAME)";
				SWIFT_EMIT_LOC_STRINGS = YES;
				SWIFT_VERSION = 5.0;
				TARGETED_DEVICE_FAMILY = "1,2";
			};
			name = Debug;
		};
		F18905C0281FF72B00BA3E87 /* Release */ = {
			isa = XCBuildConfiguration;
			buildSettings = {
				ASSETCATALOG_COMPILER_APPICON_NAME = AppIcon;
				ASSETCATALOG_COMPILER_GLOBAL_ACCENT_COLOR_NAME = AccentColor;
				CODE_SIGN_STYLE = Automatic;
				CURRENT_PROJECT_VERSION = 1;
				GENERATE_INFOPLIST_FILE = YES;
				INFOPLIST_FILE = ParkingFinder/Info.plist;
				INFOPLIST_KEY_UIApplicationSupportsIndirectInputEvents = YES;
				INFOPLIST_KEY_UILaunchStoryboardName = LaunchScreen;
				INFOPLIST_KEY_UIMainStoryboardFile = Main;
				INFOPLIST_KEY_UISupportedInterfaceOrientations_iPad = "UIInterfaceOrientationPortrait UIInterfaceOrientationPortraitUpsideDown UIInterfaceOrientationLandscapeLeft UIInterfaceOrientationLandscapeRight";
				INFOPLIST_KEY_UISupportedInterfaceOrientations_iPhone = "UIInterfaceOrientationPortrait UIInterfaceOrientationLandscapeLeft UIInterfaceOrientationLandscapeRight";
				LD_RUNPATH_SEARCH_PATHS = (
					"$(inherited)",
					"@executable_path/Frameworks",
				);
				MARKETING_VERSION = 1.0;
				PRODUCT_BUNDLE_IDENTIFIER = au.edu.uts.ParkingFinder;
				PRODUCT_NAME = "$(TARGET_NAME)";
				SWIFT_EMIT_LOC_STRINGS = YES;
				SWIFT_VERSION = 5.0;
				TARGETED_DEVICE_FAMILY = "1,2";
			};
			name = Release;
		};
/* End XCBuildConfiguration section */

/* Begin XCConfigurationList section */
		F18905A5281FF72500BA3E87 /* Build configuration list for PBXProject "ParkingFinder" */ = {
			isa = XCConfigurationList;
			buildConfigurations = (
				F18905BC281FF72B00BA3E87 /* Debug */,
				F18905BD281FF72B00BA3E87 /* Release */,
			);
			defaultConfigurationIsVisible = 0;
			defaultConfigurationName = Release;
		};
		F18905BE281FF72B00BA3E87 /* Build configuration list for PBXNativeTarget "ParkingFinder" */ = {
			isa = XCConfigurationList;
			buildConfigurations = (
				F18905BF281FF72B00BA3E87 /* Debug */,
				F18905C0281FF72B00BA3E87 /* Release */,
			);
			defaultConfigurationIsVisible = 0;
			defaultConfigurationName = Release;
		};
/* End XCConfigurationList section */
	};
	rootObject = F18905A2281FF72500BA3E87 /* Project object */;
}
